PODS:
  - Stonly (0.1.5)

DEPENDENCIES:
  - Stonly (from `~/dev/stonly/iosSDK/cocoapods/`)

EXTERNAL SOURCES:
  Stonly:
    :path: "~/dev/stonly/iosSDK/cocoapods/"

SPEC CHECKSUMS:
  Stonly: eab5284a525a1cce1d498bfb49e5c820066eb5b5

PODFILE CHECKSUM: 8d5c68400bd606881fb1aef60b52762177042b30

COCOAPODS: 1.11.3
