PODS:
  - Stonly (0.1.7)

DEPENDENCIES:
  - Stonly (from `~/dev/stonly/iosSDK/cocoapods/`)

EXTERNAL SOURCES:
  Stonly:
    :path: "~/dev/stonly/iosSDK/cocoapods/"

SPEC CHECKSUMS:
  Stonly: 2cb2b758faf39a7005c5353222ec86a77952e150

PODFILE CHECKSUM: 8d5c68400bd606881fb1aef60b52762177042b30

COCOAPODS: 1.11.3
